{
  "name": "themes",
  "lockfileVersion": 3,
  "requires": true,
  "packages": {
    "": {
      "dependencies": {
        "@klef/vivliostyle-theme-klef-lecture": "^0.1.0"
      }
    },
    "node_modules/@klef/vivliostyle-theme-klef-lecture": {
      "version": "0.1.0",
      "resolved": "https://registry.npmjs.org/@klef/vivliostyle-theme-klef-lecture/-/vivliostyle-theme-klef-lecture-0.1.0.tgz",
      "integrity": "sha512-sosBU63du3JyCmQB5CwAqbejUms/ylRsV7Da2GQSGz65/V2p0LIbtVoIfUJV11oVVMwG9w5E5vCHLpOKySqMSA==",
      "dependencies": {
        "@vivliostyle/theme-base": "latest"
      },
      "peerDependencies": {
        "@vivliostyle/cli": ">=7"
      },
      "peerDependenciesMeta": {
        "@vivliostyle/cli": {
          "optional": true
        }
      }
    },
    "node_modules/@vivliostyle/theme-base": {
      "version": "1.0.1",
      "resolved": "https://registry.npmjs.org/@vivliostyle/theme-base/-/theme-base-1.0.1.tgz",
      "integrity": "sha512-N5Fa6j6gQFzIvk8uqhwGyRfz/IBzuJRCWq9s0CDN1XB0tr2K2S+E268emoiXdXxRe70enBOR53dADEdEP1Y4JA==",
      "peerDependencies": {
        "@vivliostyle/cli": ">=7"
      },
      "peerDependenciesMeta": {
        "@vivliostyle/cli": {
          "optional": true
        }
      }
    }
  }
}
